{
  "object": {
    "pins": [
      {
        "package": "Concrete",
        "repositoryURL": "https://github.com/zetasq/Concrete.git",
        "state": {
          "branch": "master",
          "revision": "ce74d51d8729fefdc3bc0a917f6b7aca0767c25b",
          "version": null
        }
      },
      {
        "package": "Flow",
        "repositoryURL": "https://github.com/zetasq/Flow.git",
        "state": {
          "branch": "master",
          "revision": "05ed984736ecabe007612d8fd77faca1b48a0d0f",
          "version": null
        }
      }
    ]
  },
  "version": 1
}
